
Microsoft Visual Studio Solution File, Format Version 12.00
# Visual Studio Version 17
VisualStudioVersion = 17.8.34309.116
MinimumVisualStudioVersion = 10.0.40219.1
Project("{FAE04EC0-301F-11D3-BF4B-00C04F79EFBC}") = "GeeksForLessProject", "GeeksForLessProject\GeeksForLessProject.csproj", "{10A6C0A2-9C71-4566-A69B-111560C37463}"
EndProject
Global
	GlobalSection(SolutionConfigurationPlatforms) = preSolution
		Debug|Any CPU = Debug|Any CPU
		Release|Any CPU = Release|Any CPU
	EndGlobalSection
	GlobalSection(ProjectConfigurationPlatforms) = postSolution
		{10A6C0A2-9C71-4566-A69B-111560C37463}.Debug|Any CPU.ActiveCfg = Debug|Any CPU
		{10A6C0A2-9C71-4566-A69B-111560C37463}.Debug|Any CPU.Build.0 = Debug|Any CPU
		{10A6C0A2-9C71-4566-A69B-111560C37463}.Release|Any CPU.ActiveCfg = Release|Any CPU
		{10A6C0A2-9C71-4566-A69B-111560C37463}.Release|Any CPU.Build.0 = Release|Any CPU
	EndGlobalSection
	GlobalSection(SolutionProperties) = preSolution
		HideSolutionNode = FALSE
	EndGlobalSection
	GlobalSection(ExtensibilityGlobals) = postSolution
		SolutionGuid = {3F3260C0-7B9C-4F91-97FF-805DB6A8DF57}
	EndGlobalSection
EndGlobal
